# THIS IS AN AUTOGENERATED FILE. DO NOT EDIT THIS FILE DIRECTLY.
# yarn lockfile v1


"@types/node@^15.12.4":
  version "15.12.4"
  resolved "https://registry.nlark.com/@types/node/download/@types/node-15.12.4.tgz#e1cf817d70a1e118e81922c4ff6683ce9d422e26"
  integrity sha1-4c+BfXCh4RjoGSLE/2aDzp1CLiY=

dotenv-expand@^5.1.0:
  version "5.1.0"
  resolved "https://registry.nlark.com/dotenv-expand/download/dotenv-expand-5.1.0.tgz#3fbaf020bfd794884072ea26b1e9791d45a629f0"
  integrity sha1-P7rwIL/XlIhAcuomsel5HUWmKfA=

dotenv@^10.0.0:
  version "10.0.0"
  resolved "https://registry.nlark.com/dotenv/download/dotenv-10.0.0.tgz?cache=0&sync_timestamp=1621629308355&other_urls=https%3A%2F%2Fregistry.nlark.com%2Fdotenv%2Fdownload%2Fdotenv-10.0.0.tgz#3d4227b8fb95f81096cdd2b66653fb2c7085ba81"
  integrity sha1-PUInuPuV+BCWzdK2ZlP7LHCFuoE=

typescript@^4.3.4:
  version "4.3.4"
  resolved "https://registry.nlark.com/typescript/download/typescript-4.3.4.tgz?cache=0&sync_timestamp=1624260319959&other_urls=https%3A%2F%2Fregistry.nlark.com%2Ftypescript%2Fdownload%2Ftypescript-4.3.4.tgz#3f85b986945bcf31071decdd96cf8bfa65f9dcbc"
  integrity sha1-P4W5hpRbzzEHHezdls+L+mX53Lw=
