{
  "name": "flash-wolves",
  "version": "1.0.0",
  "lockfileVersion": 1,
  "requires": true,
  "dependencies": {
    "@types/node": {
      "version": "16.3.3",
      "resolved": "https://registry.nlark.com/@types/node/download/@types/node-16.3.3.tgz",
      "integrity": "sha1-DDCt/ze7vHpQ65tY+uKlBNDYgDg=",
      "dev": true
    },
    "flash-wolves": {
      "version": "0.0.3"
    },
    "tslib": {
      "version": "2.3.0",
      "resolved": "https://registry.nlark.com/tslib/download/tslib-2.3.0.tgz?cache=0&sync_timestamp=1623450901878&other_urls=https%3A%2F%2Fregistry.nlark.com%2Ftslib%2Fdownload%2Ftslib-2.3.0.tgz",
      "integrity": "sha1-gDuM2rPhK6WBpMpByIObuw2ssJ4=",
      "dev": true
    }
  }
}
