{
  "name": "playAudio",
  "version": "1.0.0",
  "lockfileVersion": 1,
  "requires": true,
  "dependencies": {
    "find-exec": {
      "version": "1.0.1",
      "resolved": "https://registry.npm.taobao.org/find-exec/download/find-exec-1.0.1.tgz",
      "integrity": "sha1-x8wm1u7Sk/BVQnltMtIAlGcpAtE="
    },
    "play-sound": {
      "version": "1.1.3",
      "resolved": "https://registry.nlark.com/play-sound/download/play-sound-1.1.3.tgz",
      "integrity": "sha1-Qg6bDo6+bgCchFKaasmglFlKbPg=",
      "requires": {
        "find-exec": "1.0.1"
      }
    }
  }
}
