# THIS IS AN AUTOGENERATED FILE. DO NOT EDIT THIS FILE DIRECTLY.
# yarn lockfile v1


"@fortawesome/fontawesome-common-types@^0.2.35":
  version "0.2.35"
  resolved "https://registry.npm.taobao.org/@fortawesome/fontawesome-common-types/download/@fortawesome/fontawesome-common-types-0.2.35.tgz?cache=0&sync_timestamp=1615921466296&other_urls=https%3A%2F%2Fregistry.npm.taobao.org%2F%40fortawesome%2Ffontawesome-common-types%2Fdownload%2F%40fortawesome%2Ffontawesome-common-types-0.2.35.tgz#01dd3d054da07a00b764d78748df20daf2b317e9"
  integrity sha1-Ad09BU2gegC3ZNeHSN8g2vKzF+k=

"@fortawesome/free-solid-svg-icons@^5.15.3":
  version "5.15.3"
  resolved "https://registry.npm.taobao.org/@fortawesome/free-solid-svg-icons/download/@fortawesome/free-solid-svg-icons-5.15.3.tgz?cache=0&sync_timestamp=1615921282652&other_urls=https%3A%2F%2Fregistry.npm.taobao.org%2F%40fortawesome%2Ffree-solid-svg-icons%2Fdownload%2F%40fortawesome%2Ffree-solid-svg-icons-5.15.3.tgz#52eebe354f60dc77e0bde934ffc5c75ffd04f9d8"
  integrity sha1-Uu6+NU9g3Hfgvek0/8XHX/0E+dg=
  dependencies:
    "@fortawesome/fontawesome-common-types" "^0.2.35"

colorette@^1.2.2:
  version "1.2.2"
  resolved "https://registry.npm.taobao.org/colorette/download/colorette-1.2.2.tgz?cache=0&sync_timestamp=1614259647923&other_urls=https%3A%2F%2Fregistry.npm.taobao.org%2Fcolorette%2Fdownload%2Fcolorette-1.2.2.tgz#cbcc79d5e99caea2dbf10eb3a26fd8b3e6acfa94"
  integrity sha1-y8x51emcrqLb8Q6zom/Ys+as+pQ=

cookie-storage@^6.1.0:
  version "6.1.0"
  resolved "https://registry.nlark.com/cookie-storage/download/cookie-storage-6.1.0.tgz?cache=0&sync_timestamp=1626420433359&other_urls=https%3A%2F%2Fregistry.nlark.com%2Fcookie-storage%2Fdownload%2Fcookie-storage-6.1.0.tgz#291b2f662d961be44f999626593421cbfcf23790"
  integrity sha1-KRsvZi2WG+RPmZYmWTQhy/zyN5A=

copy-text-to-clipboard@^3.0.1:
  version "3.0.1"
  resolved "https://registry.npm.taobao.org/copy-text-to-clipboard/download/copy-text-to-clipboard-3.0.1.tgz#8cbf8f90e0a47f12e4a24743736265d157bce69c"
  integrity sha1-jL+PkOCkfxLkokdDc2Jl0Ve85pw=

core-js@^3.11.0:
  version "3.16.0"
  resolved "https://registry.nlark.com/core-js/download/core-js-3.16.0.tgz?cache=0&sync_timestamp=1627616581381&other_urls=https%3A%2F%2Fregistry.nlark.com%2Fcore-js%2Fdownload%2Fcore-js-3.16.0.tgz#1d46fb33720bc1fa7f90d20431f36a5540858986"
  integrity sha1-HUb7M3ILwfp/kNIEMfNqVUCFiYY=

esbuild@^0.12.8:
  version "0.12.17"
  resolved "https://registry.nlark.com/esbuild/download/esbuild-0.12.17.tgz#5816f905c2905de0ebbc658860df7b5b48afbcd3"
  integrity sha1-WBb5BcKQXeDrvGWIYN97W0ivvNM=

fsevents@~2.3.2:
  version "2.3.2"
  resolved "https://registry.npm.taobao.org/fsevents/download/fsevents-2.3.2.tgz#8a526f78b8fdf4623b709e0b975c52c24c02fd1a"
  integrity sha1-ilJveLj99GI7cJ4Ll1xSwkwC/Ro=

function-bind@^1.1.1:
  version "1.1.1"
  resolved "https://registry.npm.taobao.org/function-bind/download/function-bind-1.1.1.tgz#a56899d3ea3c9bab874bb9773b7c5ede92f4895d"
  integrity sha1-pWiZ0+o8m6uHS7l3O3xe3pL0iV0=

has@^1.0.3:
  version "1.0.3"
  resolved "https://registry.npm.taobao.org/has/download/has-1.0.3.tgz#722d7cbfc1f6aa8241f16dd814e011e1f41e8796"
  integrity sha1-ci18v8H2qoJB8W3YFOAR4fQeh5Y=
  dependencies:
    function-bind "^1.1.1"

is-core-module@^2.2.0:
  version "2.5.0"
  resolved "https://registry.nlark.com/is-core-module/download/is-core-module-2.5.0.tgz#f754843617c70bfd29b7bd87327400cda5c18491"
  integrity sha1-91SENhfHC/0pt72HMnQAzaXBhJE=
  dependencies:
    has "^1.0.3"

mutation-observer@^1.0.3:
  version "1.0.3"
  resolved "https://registry.npm.taobao.org/mutation-observer/download/mutation-observer-1.0.3.tgz#42e9222b101bca82e5ba9d5a7acf4a14c0f263d0"
  integrity sha1-QukiKxAbyoLlup1aes9KFMDyY9A=

nanoid@^3.1.23:
  version "3.1.23"
  resolved "https://registry.nlark.com/nanoid/download/nanoid-3.1.23.tgz#f744086ce7c2bc47ee0a8472574d5c78e4183a81"
  integrity sha1-90QIbOfCvEfuCoRyV01ceOQYOoE=

path-parse@^1.0.6:
  version "1.0.7"
  resolved "https://registry.nlark.com/path-parse/download/path-parse-1.0.7.tgz?cache=0&sync_timestamp=1621947783503&other_urls=https%3A%2F%2Fregistry.nlark.com%2Fpath-parse%2Fdownload%2Fpath-parse-1.0.7.tgz#fbc114b60ca42b30d9daf5858e4bd68bbedb6735"
  integrity sha1-+8EUtgykKzDZ2vWFjkvWi77bZzU=

postcss@^8.3.5:
  version "8.3.6"
  resolved "https://registry.nlark.com/postcss/download/postcss-8.3.6.tgz?cache=0&sync_timestamp=1626882928473&other_urls=https%3A%2F%2Fregistry.nlark.com%2Fpostcss%2Fdownload%2Fpostcss-8.3.6.tgz#2730dd76a97969f37f53b9a6096197be311cc4ea"
  integrity sha1-JzDddql5afN/U7mmCWGXvjEcxOo=
  dependencies:
    colorette "^1.2.2"
    nanoid "^3.1.23"
    source-map-js "^0.6.2"

resolve@^1.20.0:
  version "1.20.0"
  resolved "https://registry.npm.taobao.org/resolve/download/resolve-1.20.0.tgz#629a013fb3f70755d6f0b7935cc1c2c5378b1975"
  integrity sha1-YpoBP7P3B1XW8LeTXMHCxTeLGXU=
  dependencies:
    is-core-module "^2.2.0"
    path-parse "^1.0.6"

rollup@^2.38.5:
  version "2.55.1"
  resolved "https://registry.nlark.com/rollup/download/rollup-2.55.1.tgz#66a444648e2fb603d8e329e77a61c608a6510fda"
  integrity sha1-ZqREZI4vtgPY4ynnemHGCKZRD9o=
  optionalDependencies:
    fsevents "~2.3.2"

source-map-js@^0.6.2:
  version "0.6.2"
  resolved "https://registry.npm.taobao.org/source-map-js/download/source-map-js-0.6.2.tgz#0bb5de631b41cfbda6cfba8bd05a80efdfd2385e"
  integrity sha1-C7XeYxtBz72mz7qL0FqA79/SOF4=

svelte-fa@^2.2.1:
  version "2.2.1"
  resolved "https://registry.nlark.com/svelte-fa/download/svelte-fa-2.2.1.tgz?cache=0&sync_timestamp=1626420434578&other_urls=https%3A%2F%2Fregistry.nlark.com%2Fsvelte-fa%2Fdownload%2Fsvelte-fa-2.2.1.tgz#743b5662ce594705bc8f16d99d84ebfa23f326dd"
  integrity sha1-dDtWYs5ZRwW8jxbZnYTr+iPzJt0=

typescript@4.3.5:
  version "4.3.5"
  resolved "https://registry.nlark.com/typescript/download/typescript-4.3.5.tgz#4d1c37cc16e893973c45a06886b7113234f119f4"
  integrity sha1-TRw3zBbok5c8RaBohrcRMjTxGfQ=

vconsole@3.9.0:
  version "3.9.0"
  resolved "https://registry.nlark.com/vconsole/download/vconsole-3.9.0.tgz#342933825caa484890635aeacfe72ffc2c72f60e"
  integrity sha1-NCkzglyqSEiQY1rqz+cv/Cxy9g4=
  dependencies:
    "@fortawesome/free-solid-svg-icons" "^5.15.3"
    cookie-storage "^6.1.0"
    copy-text-to-clipboard "^3.0.1"
    core-js "^3.11.0"
    mutation-observer "^1.0.3"
    svelte-fa "^2.2.1"

vite@2.4.3:
  version "2.4.3"
  resolved "https://registry.nlark.com/vite/download/vite-2.4.3.tgz#fe4aa78e9dd7d36bcb12eccbd52313b26cfadf77"
  integrity sha1-/kqnjp3X02vLEuzL1SMTsmz633c=
  dependencies:
    esbuild "^0.12.8"
    postcss "^8.3.5"
    resolve "^1.20.0"
    rollup "^2.38.5"
  optionalDependencies:
    fsevents "~2.3.2"
